
Microsoft Visual Studio Solution File, Format Version 12.00
# Visual Studio Version 17
VisualStudioVersion = 17.1.32421.90
MinimumVisualStudioVersion = 10.0.40219.1
Project("{9A19103F-16F7-4668-BE54-9A1E7A4F7556}") = "AspNetMVCLocalization", "AspNetMVCLocalization\AspNetMVCLocalization.csproj", "{A5347F60-68FD-492D-97DD-D6A5C72FFE15}"
EndProject
Global
	GlobalSection(SolutionConfigurationPlatforms) = preSolution
		Debug|Any CPU = Debug|Any CPU
		Release|Any CPU = Release|Any CPU
	EndGlobalSection
	GlobalSection(ProjectConfigurationPlatforms) = postSolution
		{A5347F60-68FD-492D-97DD-D6A5C72FFE15}.Debug|Any CPU.ActiveCfg = Debug|Any CPU
		{A5347F60-68FD-492D-97DD-D6A5C72FFE15}.Debug|Any CPU.Build.0 = Debug|Any CPU
		{A5347F60-68FD-492D-97DD-D6A5C72FFE15}.Release|Any CPU.ActiveCfg = Release|Any CPU
		{A5347F60-68FD-492D-97DD-D6A5C72FFE15}.Release|Any CPU.Build.0 = Release|Any CPU
	EndGlobalSection
	GlobalSection(SolutionProperties) = preSolution
		HideSolutionNode = FALSE
	EndGlobalSection
	GlobalSection(ExtensibilityGlobals) = postSolution
		SolutionGuid = {4042F18E-4661-4803-8074-9292A112253D}
	EndGlobalSection
EndGlobal
